
Microsoft Visual Studio Solution File, Format Version 12.00
# Visual Studio Version 16
VisualStudioVersion = 16.0.33927.289
MinimumVisualStudioVersion = 10.0.40219.1
Project("{FAE04EC0-301F-11D3-BF4B-00C04F79EFBC}") = "PRTRAINING", "PRTRAINING.csproj", "{B1BA8C16-FFFE-4DAF-B2ED-3720D8736841}"
EndProject
Global
	GlobalSection(SolutionConfigurationPlatforms) = preSolution
		Debug|Any CPU = Debug|Any CPU
		Release|Any CPU = Release|Any CPU
	EndGlobalSection
	GlobalSection(ProjectConfigurationPlatforms) = postSolution
		{B1BA8C16-FFFE-4DAF-B2ED-3720D8736841}.Debug|Any CPU.ActiveCfg = Debug|Any CPU
		{B1BA8C16-FFFE-4DAF-B2ED-3720D8736841}.Debug|Any CPU.Build.0 = Debug|Any CPU
		{B1BA8C16-FFFE-4DAF-B2ED-3720D8736841}.Release|Any CPU.ActiveCfg = Release|Any CPU
		{B1BA8C16-FFFE-4DAF-B2ED-3720D8736841}.Release|Any CPU.Build.0 = Release|Any CPU
	EndGlobalSection
	GlobalSection(SolutionProperties) = preSolution
		HideSolutionNode = FALSE
	EndGlobalSection
	GlobalSection(ExtensibilityGlobals) = postSolution
		SolutionGuid = {0E2F0429-AC24-4BA3-AA01-2A098D13FF44}
	EndGlobalSection
EndGlobal
